
Microsoft Visual Studio Solution File, Format Version 12.00
# Visual Studio Version 16
VisualStudioVersion = 16.0.28803.352
MinimumVisualStudioVersion = 10.0.40219.1
Project("{FAE04EC0-301F-11D3-BF4B-00C04F79EFBC}") = "MathQuiz", "MathQuiz\MathQuiz.csproj", "{E864963F-CE3D-457E-A09E-29293A5CEB3B}"
EndProject
Global
	GlobalSection(SolutionConfigurationPlatforms) = preSolution
		Debug|Any CPU = Debug|Any CPU
		Release|Any CPU = Release|Any CPU
	EndGlobalSection
	GlobalSection(ProjectConfigurationPlatforms) = postSolution
		{E864963F-CE3D-457E-A09E-29293A5CEB3B}.Debug|Any CPU.ActiveCfg = Debug|Any CPU
		{E864963F-CE3D-457E-A09E-29293A5CEB3B}.Debug|Any CPU.Build.0 = Debug|Any CPU
		{E864963F-CE3D-457E-A09E-29293A5CEB3B}.Release|Any CPU.ActiveCfg = Release|Any CPU
		{E864963F-CE3D-457E-A09E-29293A5CEB3B}.Release|Any CPU.Build.0 = Release|Any CPU
	EndGlobalSection
	GlobalSection(SolutionProperties) = preSolution
		HideSolutionNode = FALSE
	EndGlobalSection
	GlobalSection(ExtensibilityGlobals) = postSolution
		SolutionGuid = {DFD3D39E-0921-4BEC-89AC-7F3754E39105}
	EndGlobalSection
EndGlobal
